
Microsoft Visual Studio Solution File, Format Version 12.00
# Visual Studio Version 17
VisualStudioVersion = 17.11.35208.52
MinimumVisualStudioVersion = 10.0.40219.1
Project("{FAE04EC0-301F-11D3-BF4B-00C04F79EFBC}") = "Calendars", "Calendars\Calendars.csproj", "{BB223DF1-4A75-4780-8696-F23AC5E80F25}"
EndProject
Global
	GlobalSection(SolutionConfigurationPlatforms) = preSolution
		Debug|Any CPU = Debug|Any CPU
		Release|Any CPU = Release|Any CPU
	EndGlobalSection
	GlobalSection(ProjectConfigurationPlatforms) = postSolution
		{BB223DF1-4A75-4780-8696-F23AC5E80F25}.Debug|Any CPU.ActiveCfg = Debug|Any CPU
		{BB223DF1-4A75-4780-8696-F23AC5E80F25}.Debug|Any CPU.Build.0 = Debug|Any CPU
		{BB223DF1-4A75-4780-8696-F23AC5E80F25}.Release|Any CPU.ActiveCfg = Release|Any CPU
		{BB223DF1-4A75-4780-8696-F23AC5E80F25}.Release|Any CPU.Build.0 = Release|Any CPU
	EndGlobalSection
	GlobalSection(SolutionProperties) = preSolution
		HideSolutionNode = FALSE
	EndGlobalSection
	GlobalSection(ExtensibilityGlobals) = postSolution
		SolutionGuid = {834096FD-25BF-41CD-8E17-1BB42E21F569}
	EndGlobalSection
EndGlobal
